
Microsoft Visual Studio Solution File, Format Version 12.00
# Visual Studio Version 16
VisualStudioVersion = 16.0.31129.286
MinimumVisualStudioVersion = 10.0.40219.1
Project("{FAE04EC0-301F-11D3-BF4B-00C04F79EFBC}") = "Kripto Para Toplu Veri Çekme V2", "Kripto Para Toplu Veri Çekme V2\Kripto Para Toplu Veri Çekme V2.csproj", "{B8187666-A3E4-425E-A992-77F42F151234}"
EndProject
Global
	GlobalSection(SolutionConfigurationPlatforms) = preSolution
		Debug|Any CPU = Debug|Any CPU
		Release|Any CPU = Release|Any CPU
	EndGlobalSection
	GlobalSection(ProjectConfigurationPlatforms) = postSolution
		{B8187666-A3E4-425E-A992-77F42F151234}.Debug|Any CPU.ActiveCfg = Debug|Any CPU
		{B8187666-A3E4-425E-A992-77F42F151234}.Debug|Any CPU.Build.0 = Debug|Any CPU
		{B8187666-A3E4-425E-A992-77F42F151234}.Release|Any CPU.ActiveCfg = Release|Any CPU
		{B8187666-A3E4-425E-A992-77F42F151234}.Release|Any CPU.Build.0 = Release|Any CPU
	EndGlobalSection
	GlobalSection(SolutionProperties) = preSolution
		HideSolutionNode = FALSE
	EndGlobalSection
	GlobalSection(ExtensibilityGlobals) = postSolution
		SolutionGuid = {05DDE74C-C1E3-4C75-A770-23EAB937F42B}
	EndGlobalSection
EndGlobal
